// !$*UTF8*$!
{
	archiveVersion = 1;
	classes = {
	};
	objectVersion = 50;
	objects = {

/* Begin PBXBuildFile section */
		9546AFAA23BBCC1A00E75315 /* AppDelegate.swift in Sources */ = {isa = PBXBuildFile; fileRef = 9546AFA923BBCC1A00E75315 /* AppDelegate.swift */; };
		9546AFAC23BBCC1A00E75315 /* SceneDelegate.swift in Sources */ = {isa = PBXBuildFile; fileRef = 9546AFAB23BBCC1A00E75315 /* SceneDelegate.swift */; };
		9546AFAE23BBCC1A00E75315 /* ViewController.swift in Sources */ = {isa = PBXBuildFile; fileRef = 9546AFAD23BBCC1A00E75315 /* ViewController.swift */; };
		9546AFB123BBCC1A00E75315 /* Main.storyboard in Resources */ = {isa = PBXBuildFile; fileRef = 9546AFAF23BBCC1A00E75315 /* Main.storyboard */; };
		9546AFB423BBCC1A00E75315 /* Get_off_your_phone.xcdatamodeld in Sources */ = {isa = PBXBuildFile; fileRef = 9546AFB223BBCC1A00E75315 /* Get_off_your_phone.xcdatamodeld */; };
		9546AFB623BBCC2000E75315 /* Assets.xcassets in Resources */ = {isa = PBXBuildFile; fileRef = 9546AFB523BBCC2000E75315 /* Assets.xcassets */; };
		9546AFB923BBCC2000E75315 /* LaunchScreen.storyboard in Resources */ = {isa = PBXBuildFile; fileRef = 9546AFB723BBCC2000E75315 /* LaunchScreen.storyboard */; };
		9546AFC423BBCC2100E75315 /* Get_off_your_phoneTests.swift in Sources */ = {isa = PBXBuildFile; fileRef = 9546AFC323BBCC2100E75315 /* Get_off_your_phoneTests.swift */; };
		9546AFCF23BBCC2100E75315 /* Get_off_your_phoneUITests.swift in Sources */ = {isa = PBXBuildFile; fileRef = 9546AFCE23BBCC2100E75315 /* Get_off_your_phoneUITests.swift */; };
/* End PBXBuildFile section */

/* Begin PBXContainerItemProxy section */
		9546AFC023BBCC2100E75315 /* PBXContainerItemProxy */ = {
			isa = PBXContainerItemProxy;
			containerPortal = 9546AF9E23BBCC1A00E75315 /* Project object */;
			proxyType = 1;
			remoteGlobalIDString = 9546AFA523BBCC1A00E75315;
			remoteInfo = "Get off your phone";
		};
		9546AFCB23BBCC2100E75315 /* PBXContainerItemProxy */ = {
			isa = PBXContainerItemProxy;
			containerPortal = 9546AF9E23BBCC1A00E75315 /* Project object */;
			proxyType = 1;
			remoteGlobalIDString = 9546AFA523BBCC1A00E75315;
			remoteInfo = "Get off your phone";
		};
/* End PBXContainerItemProxy section */

/* Begin PBXFileReference section */
		9546AFA623BBCC1A00E75315 /* Get off your phone.app */ = {isa = PBXFileReference; explicitFileType = wrapper.application; includeInIndex = 0; path = "Get off your phone.app"; sourceTree = BUILT_PRODUCTS_DIR; };
		9546AFA923BBCC1A00E75315 /* AppDelegate.swift */ = {isa = PBXFileReference; lastKnownFileType = sourcecode.swift; path = AppDelegate.swift; sourceTree = "<group>"; };
		9546AFAB23BBCC1A00E75315 /* SceneDelegate.swift */ = {isa = PBXFileReference; lastKnownFileType = sourcecode.swift; path = SceneDelegate.swift; sourceTree = "<group>"; };
		9546AFAD23BBCC1A00E75315 /* ViewController.swift */ = {isa = PBXFileReference; lastKnownFileType = sourcecode.swift; path = ViewController.swift; sourceTree = "<group>"; };
		9546AFB023BBCC1A00E75315 /* Base */ = {isa = PBXFileReference; lastKnownFileType = file.storyboard; name = Base; path = Base.lproj/Main.storyboard; sourceTree = "<group>"; };
		9546AFB323BBCC1A00E75315 /* Get_off_your_phone.xcdatamodel */ = {isa = PBXFileReference; lastKnownFileType = wrapper.xcdatamodel; path = Get_off_your_phone.xcdatamodel; sourceTree = "<group>"; };
		9546AFB523BBCC2000E75315 /* Assets.xcassets */ = {isa = PBXFileReference; lastKnownFileType = folder.assetcatalog; path = Assets.xcassets; sourceTree = "<group>"; };
		9546AFB823BBCC2000E75315 /* Base */ = {isa = PBXFileReference; lastKnownFileType = file.storyboard; name = Base; path = Base.lproj/LaunchScreen.storyboard; sourceTree = "<group>"; };
		9546AFBA23BBCC2000E75315 /* Info.plist */ = {isa = PBXFileReference; lastKnownFileType = text.plist.xml; path = Info.plist; sourceTree = "<group>"; };
		9546AFBF23BBCC2100E75315 /* Get off your phoneTests.xctest */ = {isa = PBXFileReference; explicitFileType = wrapper.cfbundle; includeInIndex = 0; path = "Get off your phoneTests.xctest"; sourceTree = BUILT_PRODUCTS_DIR; };
		9546AFC323BBCC2100E75315 /* Get_off_your_phoneTests.swift */ = {isa = PBXFileReference; lastKnownFileType = sourcecode.swift; path = Get_off_your_phoneTests.swift; sourceTree = "<group>"; };
		9546AFC523BBCC2100E75315 /* Info.plist */ = {isa = PBXFileReference; lastKnownFileType = text.plist.xml; path = Info.plist; sourceTree = "<group>"; };
		9546AFCA23BBCC2100E75315 /* Get off your phoneUITests.xctest */ = {isa = PBXFileReference; explicitFileType = wrapper.cfbundle; includeInIndex = 0; path = "Get off your phoneUITests.xctest"; sourceTree = BUILT_PRODUCTS_DIR; };
		9546AFCE23BBCC2100E75315 /* Get_off_your_phoneUITests.swift */ = {isa = PBXFileReference; lastKnownFileType = sourcecode.swift; path = Get_off_your_phoneUITests.swift; sourceTree = "<group>"; };
		9546AFD023BBCC2100E75315 /* Info.plist */ = {isa = PBXFileReference; lastKnownFileType = text.plist.xml; path = Info.plist; sourceTree = "<group>"; };
/* End PBXFileReference section */

/* Begin PBXFrameworksBuildPhase section */
		9546AFA323BBCC1A00E75315 /* Frameworks */ = {
			isa = PBXFrameworksBuildPhase;
			buildActionMask = 2147483647;
			files = (
			);
			runOnlyForDeploymentPostprocessing = 0;
		};
		9546AFBC23BBCC2100E75315 /* Frameworks */ = {
			isa = PBXFrameworksBuildPhase;
			buildActionMask = 2147483647;
			files = (
			);
			runOnlyForDeploymentPostprocessing = 0;
		};
		9546AFC723BBCC2100E75315 /* Frameworks */ = {
			isa = PBXFrameworksBuildPhase;
			buildActionMask = 2147483647;
			files = (
			);
			runOnlyForDeploymentPostprocessing = 0;
		};
/* End PBXFrameworksBuildPhase section */

/* Begin PBXGroup section */
		9546AF9D23BBCC1A00E75315 = {
			isa = PBXGroup;
			children = (
				9546AFA823BBCC1A00E75315 /* Get off your phone */,
				9546AFC223BBCC2100E75315 /* Get off your phoneTests */,
				9546AFCD23BBCC2100E75315 /* Get off your phoneUITests */,
				9546AFA723BBCC1A00E75315 /* Products */,
			);
			sourceTree = "<group>";
		};
		9546AFA723BBCC1A00E75315 /* Products */ = {
			isa = PBXGroup;
			children = (
				9546AFA623BBCC1A00E75315 /* Get off your phone.app */,
				9546AFBF23BBCC2100E75315 /* Get off your phoneTests.xctest */,
				9546AFCA23BBCC2100E75315 /* Get off your phoneUITests.xctest */,
			);
			name = Products;
			sourceTree = "<group>";
		};
		9546AFA823BBCC1A00E75315 /* Get off your phone */ = {
			isa = PBXGroup;
			children = (
				9546AFA923BBCC1A00E75315 /* AppDelegate.swift */,
				9546AFAB23BBCC1A00E75315 /* SceneDelegate.swift */,
				9546AFAD23BBCC1A00E75315 /* ViewController.swift */,
				9546AFAF23BBCC1A00E75315 /* Main.storyboard */,
				9546AFB523BBCC2000E75315 /* Assets.xcassets */,
				9546AFB723BBCC2000E75315 /* LaunchScreen.storyboard */,
				9546AFBA23BBCC2000E75315 /* Info.plist */,
				9546AFB223BBCC1A00E75315 /* Get_off_your_phone.xcdatamodeld */,
			);
			path = "Get off your phone";
			sourceTree = "<group>";
		};
		9546AFC223BBCC2100E75315 /* Get off your phoneTests */ = {
			isa = PBXGroup;
			children = (
				9546AFC323BBCC2100E75315 /* Get_off_your_phoneTests.swift */,
				9546AFC523BBCC2100E75315 /* Info.plist */,
			);
			path = "Get off your phoneTests";
			sourceTree = "<group>";
		};
		9546AFCD23BBCC2100E75315 /* Get off your phoneUITests */ = {
			isa = PBXGroup;
			children = (
				9546AFCE23BBCC2100E75315 /* Get_off_your_phoneUITests.swift */,
				9546AFD023BBCC2100E75315 /* Info.plist */,
			);
			path = "Get off your phoneUITests";
			sourceTree = "<group>";
		};
/* End PBXGroup section */

/* Begin PBXNativeTarget section */
		9546AFA523BBCC1A00E75315 /* Get off your phone */ = {
			isa = PBXNativeTarget;
			buildConfigurationList = 9546AFD323BBCC2400E75315 /* Build configuration list for PBXNativeTarget "Get off your phone" */;
			buildPhases = (
				9546AFA223BBCC1A00E75315 /* Sources */,
				9546AFA323BBCC1A00E75315 /* Frameworks */,
				9546AFA423BBCC1A00E75315 /* Resources */,
			);
			buildRules = (
			);
			dependencies = (
			);
			name = "Get off your phone";
			productName = "Get off your phone";
			productReference = 9546AFA623BBCC1A00E75315 /* Get off your phone.app */;
			productType = "com.apple.product-type.application";
		};
		9546AFBE23BBCC2100E75315 /* Get off your phoneTests */ = {
			isa = PBXNativeTarget;
			buildConfigurationList = 9546AFD623BBCC2400E75315 /* Build configuration list for PBXNativeTarget "Get off your phoneTests" */;
			buildPhases = (
				9546AFBB23BBCC2100E75315 /* Sources */,
				9546AFBC23BBCC2100E75315 /* Frameworks */,
				9546AFBD23BBCC2100E75315 /* Resources */,
			);
			buildRules = (
			);
			dependencies = (
				9546AFC123BBCC2100E75315 /* PBXTargetDependency */,
			);
			name = "Get off your phoneTests";
			productName = "Get off your phoneTests";
			productReference = 9546AFBF23BBCC2100E75315 /* Get off your phoneTests.xctest */;
			productType = "com.apple.product-type.bundle.unit-test";
		};
		9546AFC923BBCC2100E75315 /* Get off your phoneUITests */ = {
			isa = PBXNativeTarget;
			buildConfigurationList = 9546AFD923BBCC2400E75315 /* Build configuration list for PBXNativeTarget "Get off your phoneUITests" */;
			buildPhases = (
				9546AFC623BBCC2100E75315 /* Sources */,
				9546AFC723BBCC2100E75315 /* Frameworks */,
				9546AFC823BBCC2100E75315 /* Resources */,
			);
			buildRules = (
			);
			dependencies = (
				9546AFCC23BBCC2100E75315 /* PBXTargetDependency */,
			);
			name = "Get off your phoneUITests";
			productName = "Get off your phoneUITests";
			productReference = 9546AFCA23BBCC2100E75315 /* Get off your phoneUITests.xctest */;
			productType = "com.apple.product-type.bundle.ui-testing";
		};
/* End PBXNativeTarget section */

/* Begin PBXProject section */
		9546AF9E23BBCC1A00E75315 /* Project object */ = {
			isa = PBXProject;
			attributes = {
				LastSwiftUpdateCheck = 1130;
				LastUpgradeCheck = 1130;
				ORGANIZATIONNAME = "Ari Wasch";
				TargetAttributes = {
					9546AFA523BBCC1A00E75315 = {
						CreatedOnToolsVersion = 11.3;
					};
					9546AFBE23BBCC2100E75315 = {
						CreatedOnToolsVersion = 11.3;
						TestTargetID = 9546AFA523BBCC1A00E75315;
					};
					9546AFC923BBCC2100E75315 = {
						CreatedOnToolsVersion = 11.3;
						TestTargetID = 9546AFA523BBCC1A00E75315;
					};
				};
			};
			buildConfigurationList = 9546AFA123BBCC1A00E75315 /* Build configuration list for PBXProject "Get off your phone" */;
			compatibilityVersion = "Xcode 9.3";
			developmentRegion = en;
			hasScannedForEncodings = 0;
			knownRegions = (
				en,
				Base,
			);
			mainGroup = 9546AF9D23BBCC1A00E75315;
			productRefGroup = 9546AFA723BBCC1A00E75315 /* Products */;
			projectDirPath = "";
			projectRoot = "";
			targets = (
				9546AFA523BBCC1A00E75315 /* Get off your phone */,
				9546AFBE23BBCC2100E75315 /* Get off your phoneTests */,
				9546AFC923BBCC2100E75315 /* Get off your phoneUITests */,
			);
		};
/* End PBXProject section */

/* Begin PBXResourcesBuildPhase section */
		9546AFA423BBCC1A00E75315 /* Resources */ = {
			isa = PBXResourcesBuildPhase;
			buildActionMask = 2147483647;
			files = (
				9546AFB923BBCC2000E75315 /* LaunchScreen.storyboard in Resources */,
				9546AFB623BBCC2000E75315 /* Assets.xcassets in Resources */,
				9546AFB123BBCC1A00E75315 /* Main.storyboard in Resources */,
			);
			runOnlyForDeploymentPostprocessing = 0;
		};
		9546AFBD23BBCC2100E75315 /* Resources */ = {
			isa = PBXResourcesBuildPhase;
			buildActionMask = 2147483647;
			files = (
			);
			runOnlyForDeploymentPostprocessing = 0;
		};
		9546AFC823BBCC2100E75315 /* Resources */ = {
			isa = PBXResourcesBuildPhase;
			buildActionMask = 2147483647;
			files = (
			);
			runOnlyForDeploymentPostprocessing = 0;
		};
/* End PBXResourcesBuildPhase section */

/* Begin PBXSourcesBuildPhase section */
		9546AFA223BBCC1A00E75315 /* Sources */ = {
			isa = PBXSourcesBuildPhase;
			buildActionMask = 2147483647;
			files = (
				9546AFB423BBCC1A00E75315 /* Get_off_your_phone.xcdatamodeld in Sources */,
				9546AFAE23BBCC1A00E75315 /* ViewController.swift in Sources */,
				9546AFAA23BBCC1A00E75315 /* AppDelegate.swift in Sources */,
				9546AFAC23BBCC1A00E75315 /* SceneDelegate.swift in Sources */,
			);
			runOnlyForDeploymentPostprocessing = 0;
		};
		9546AFBB23BBCC2100E75315 /* Sources */ = {
			isa = PBXSourcesBuildPhase;
			buildActionMask = 2147483647;
			files = (
				9546AFC423BBCC2100E75315 /* Get_off_your_phoneTests.swift in Sources */,
			);
			runOnlyForDeploymentPostprocessing = 0;
		};
		9546AFC623BBCC2100E75315 /* Sources */ = {
			isa = PBXSourcesBuildPhase;
			buildActionMask = 2147483647;
			files = (
				9546AFCF23BBCC2100E75315 /* Get_off_your_phoneUITests.swift in Sources */,
			);
			runOnlyForDeploymentPostprocessing = 0;
		};
/* End PBXSourcesBuildPhase section */

/* Begin PBXTargetDependency section */
		9546AFC123BBCC2100E75315 /* PBXTargetDependency */ = {
			isa = PBXTargetDependency;
			target = 9546AFA523BBCC1A00E75315 /* Get off your phone */;
			targetProxy = 9546AFC023BBCC2100E75315 /* PBXContainerItemProxy */;
		};
		9546AFCC23BBCC2100E75315 /* PBXTargetDependency */ = {
			isa = PBXTargetDependency;
			target = 9546AFA523BBCC1A00E75315 /* Get off your phone */;
			targetProxy = 9546AFCB23BBCC2100E75315 /* PBXContainerItemProxy */;
		};
/* End PBXTargetDependency section */

/* Begin PBXVariantGroup section */
		9546AFAF23BBCC1A00E75315 /* Main.storyboard */ = {
			isa = PBXVariantGroup;
			children = (
				9546AFB023BBCC1A00E75315 /* Base */,
			);
			name = Main.storyboard;
			sourceTree = "<group>";
		};
		9546AFB723BBCC2000E75315 /* LaunchScreen.storyboard */ = {
			isa = PBXVariantGroup;
			children = (
				9546AFB823BBCC2000E75315 /* Base */,
			);
			name = LaunchScreen.storyboard;
			sourceTree = "<group>";
		};
/* End PBXVariantGroup section */

/* Begin XCBuildConfiguration section */
		9546AFD123BBCC2100E75315 /* Debug */ = {
			isa = XCBuildConfiguration;
			buildSettings = {
				ALWAYS_SEARCH_USER_PATHS = NO;
				CLANG_ANALYZER_NONNULL = YES;
				CLANG_ANALYZER_NUMBER_OBJECT_CONVERSION = YES_AGGRESSIVE;
				CLANG_CXX_LANGUAGE_STANDARD = "gnu++14";
				CLANG_CXX_LIBRARY = "libc++";
				CLANG_ENABLE_MODULES = YES;
				CLANG_ENABLE_OBJC_ARC = YES;
				CLANG_ENABLE_OBJC_WEAK = YES;
				CLANG_WARN_BLOCK_CAPTURE_AUTORELEASING = YES;
				CLANG_WARN_BOOL_CONVERSION = YES;
				CLANG_WARN_COMMA = YES;
				CLANG_WARN_CONSTANT_CONVERSION = YES;
				CLANG_WARN_DEPRECATED_OBJC_IMPLEMENTATIONS = YES;
				CLANG_WARN_DIRECT_OBJC_ISA_USAGE = YES_ERROR;
				CLANG_WARN_DOCUMENTATION_COMMENTS = YES;
				CLANG_WARN_EMPTY_BODY = YES;
				CLANG_WARN_ENUM_CONVERSION = YES;
				CLANG_WARN_INFINITE_RECURSION = YES;
				CLANG_WARN_INT_CONVERSION = YES;
				CLANG_WARN_NON_LITERAL_NULL_CONVERSION = YES;
				CLANG_WARN_OBJC_IMPLICIT_RETAIN_SELF = YES;
				CLANG_WARN_OBJC_LITERAL_CONVERSION = YES;
				CLANG_WARN_OBJC_ROOT_CLASS = YES_ERROR;
				CLANG_WARN_RANGE_LOOP_ANALYSIS = YES;
				CLANG_WARN_STRICT_PROTOTYPES = YES;
				CLANG_WARN_SUSPICIOUS_MOVE = YES;
				CLANG_WARN_UNGUARDED_AVAILABILITY = YES_AGGRESSIVE;
				CLANG_WARN_UNREACHABLE_CODE = YES;
				CLANG_WARN__DUPLICATE_METHOD_MATCH = YES;
				COPY_PHASE_STRIP = NO;
				DEBUG_INFORMATION_FORMAT = dwarf;
				ENABLE_STRICT_OBJC_MSGSEND = YES;
				ENABLE_TESTABILITY = YES;
				GCC_C_LANGUAGE_STANDARD = gnu11;
				GCC_DYNAMIC_NO_PIC = NO;
				GCC_NO_COMMON_BLOCKS = YES;
				GCC_OPTIMIZATION_LEVEL = 0;
				GCC_PREPROCESSOR_DEFINITIONS = (
					"DEBUG=1",
					"$(inherited)",
				);
				GCC_WARN_64_TO_32_BIT_CONVERSION = YES;
				GCC_WARN_ABOUT_RETURN_TYPE = YES_ERROR;
				GCC_WARN_UNDECLARED_SELECTOR = YES;
				GCC_WARN_UNINITIALIZED_AUTOS = YES_AGGRESSIVE;
				GCC_WARN_UNUSED_FUNCTION = YES;
				GCC_WARN_UNUSED_VARIABLE = YES;
				IPHONEOS_DEPLOYMENT_TARGET = 13.2;
				MTL_ENABLE_DEBUG_INFO = INCLUDE_SOURCE;
				MTL_FAST_MATH = YES;
				ONLY_ACTIVE_ARCH = YES;
				SDKROOT = iphoneos;
				SWIFT_ACTIVE_COMPILATION_CONDITIONS = DEBUG;
				SWIFT_OPTIMIZATION_LEVEL = "-Onone";
			};
			name = Debug;
		};
		9546AFD223BBCC2400E75315 /* Release */ = {
			isa = XCBuildConfiguration;
			buildSettings = {
				ALWAYS_SEARCH_USER_PATHS = NO;
				CLANG_ANALYZER_NONNULL = YES;
				CLANG_ANALYZER_NUMBER_OBJECT_CONVERSION = YES_AGGRESSIVE;
				CLANG_CXX_LANGUAGE_STANDARD = "gnu++14";
				CLANG_CXX_LIBRARY = "libc++";
				CLANG_ENABLE_MODULES = YES;
				CLANG_ENABLE_OBJC_ARC = YES;
				CLANG_ENABLE_OBJC_WEAK = YES;
				CLANG_WARN_BLOCK_CAPTURE_AUTORELEASING = YES;
				CLANG_WARN_BOOL_CONVERSION = YES;
				CLANG_WARN_COMMA = YES;
				CLANG_WARN_CONSTANT_CONVERSION = YES;
				CLANG_WARN_DEPRECATED_OBJC_IMPLEMENTATIONS = YES;
				CLANG_WARN_DIRECT_OBJC_ISA_USAGE = YES_ERROR;
				CLANG_WARN_DOCUMENTATION_COMMENTS = YES;
				CLANG_WARN_EMPTY_BODY = YES;
				CLANG_WARN_ENUM_CONVERSION = YES;
				CLANG_WARN_INFINITE_RECURSION = YES;
				CLANG_WARN_INT_CONVERSION = YES;
				CLANG_WARN_NON_LITERAL_NULL_CONVERSION = YES;
				CLANG_WARN_OBJC_IMPLICIT_RETAIN_SELF = YES;
				CLANG_WARN_OBJC_LITERAL_CONVERSION = YES;
				CLANG_WARN_OBJC_ROOT_CLASS = YES_ERROR;
				CLANG_WARN_RANGE_LOOP_ANALYSIS = YES;
				CLANG_WARN_STRICT_PROTOTYPES = YES;
				CLANG_WARN_SUSPICIOUS_MOVE = YES;
				CLANG_WARN_UNGUARDED_AVAILABILITY = YES_AGGRESSIVE;
				CLANG_WARN_UNREACHABLE_CODE = YES;
				CLANG_WARN__DUPLICATE_METHOD_MATCH = YES;
				COPY_PHASE_STRIP = NO;
				DEBUG_INFORMATION_FORMAT = "dwarf-with-dsym";
				ENABLE_NS_ASSERTIONS = NO;
				ENABLE_STRICT_OBJC_MSGSEND = YES;
				GCC_C_LANGUAGE_STANDARD = gnu11;
				GCC_NO_COMMON_BLOCKS = YES;
				GCC_WARN_64_TO_32_BIT_CONVERSION = YES;
				GCC_WARN_ABOUT_RETURN_TYPE = YES_ERROR;
				GCC_WARN_UNDECLARED_SELECTOR = YES;
				GCC_WARN_UNINITIALIZED_AUTOS = YES_AGGRESSIVE;
				GCC_WARN_UNUSED_FUNCTION = YES;
				GCC_WARN_UNUSED_VARIABLE = YES;
				IPHONEOS_DEPLOYMENT_TARGET = 13.2;
				MTL_ENABLE_DEBUG_INFO = NO;
				MTL_FAST_MATH = YES;
				SDKROOT = iphoneos;
				SWIFT_COMPILATION_MODE = wholemodule;
				SWIFT_OPTIMIZATION_LEVEL = "-O";
				VALIDATE_PRODUCT = YES;
			};
			name = Release;
		};
		9546AFD423BBCC2400E75315 /* Debug */ = {
			isa = XCBuildConfiguration;
			buildSettings = {
				ASSETCATALOG_COMPILER_APPICON_NAME = AppIcon;
				CODE_SIGN_STYLE = Automatic;
				DEVELOPMENT_TEAM = 3K6Q4C6RYZ;
				INFOPLIST_FILE = "Get off your phone/Info.plist";
				LD_RUNPATH_SEARCH_PATHS = (
					"$(inherited)",
					"@executable_path/Frameworks",
				);
				PRODUCT_BUNDLE_IDENTIFIER = "Ari-Wasch.Get-off-your-phone";
				PRODUCT_NAME = "$(TARGET_NAME)";
				SWIFT_VERSION = 5.0;
				TARGETED_DEVICE_FAMILY = "1,2";
			};
			name = Debug;
		};
		9546AFD523BBCC2400E75315 /* Release */ = {
			isa = XCBuildConfiguration;
			buildSettings = {
				ASSETCATALOG_COMPILER_APPICON_NAME = AppIcon;
				CODE_SIGN_STYLE = Automatic;
				DEVELOPMENT_TEAM = 3K6Q4C6RYZ;
				INFOPLIST_FILE = "Get off your phone/Info.plist";
				LD_RUNPATH_SEARCH_PATHS = (
					"$(inherited)",
					"@executable_path/Frameworks",
				);
				PRODUCT_BUNDLE_IDENTIFIER = "Ari-Wasch.Get-off-your-phone";
				PRODUCT_NAME = "$(TARGET_NAME)";
				SWIFT_VERSION = 5.0;
				TARGETED_DEVICE_FAMILY = "1,2";
			};
			name = Release;
		};
		9546AFD723BBCC2400E75315 /* Debug */ = {
			isa = XCBuildConfiguration;
			buildSettings = {
				ALWAYS_EMBED_SWIFT_STANDARD_LIBRARIES = YES;
				BUNDLE_LOADER = "$(TEST_HOST)";
				CODE_SIGN_STYLE = Automatic;
				DEVELOPMENT_TEAM = 3K6Q4C6RYZ;
				INFOPLIST_FILE = "Get off your phoneTests/Info.plist";
				IPHONEOS_DEPLOYMENT_TARGET = 13.2;
				LD_RUNPATH_SEARCH_PATHS = (
					"$(inherited)",
					"@executable_path/Frameworks",
					"@loader_path/Frameworks",
				);
				PRODUCT_BUNDLE_IDENTIFIER = "Ari-Wasch.Get-off-your-phoneTests";
				PRODUCT_NAME = "$(TARGET_NAME)";
				SWIFT_VERSION = 5.0;
				TARGETED_DEVICE_FAMILY = "1,2";
				TEST_HOST = "$(BUILT_PRODUCTS_DIR)/Get off your phone.app/Get off your phone";
			};
			name = Debug;
		};
		9546AFD823BBCC2400E75315 /* Release */ = {
			isa = XCBuildConfiguration;
			buildSettings = {
				ALWAYS_EMBED_SWIFT_STANDARD_LIBRARIES = YES;
				BUNDLE_LOADER = "$(TEST_HOST)";
				CODE_SIGN_STYLE = Automatic;
				DEVELOPMENT_TEAM = 3K6Q4C6RYZ;
				INFOPLIST_FILE = "Get off your phoneTests/Info.plist";
				IPHONEOS_DEPLOYMENT_TARGET = 13.2;
				LD_RUNPATH_SEARCH_PATHS = (
					"$(inherited)",
					"@executable_path/Frameworks",
					"@loader_path/Frameworks",
				);
				PRODUCT_BUNDLE_IDENTIFIER = "Ari-Wasch.Get-off-your-phoneTests";
				PRODUCT_NAME = "$(TARGET_NAME)";
				SWIFT_VERSION = 5.0;
				TARGETED_DEVICE_FAMILY = "1,2";
				TEST_HOST = "$(BUILT_PRODUCTS_DIR)/Get off your phone.app/Get off your phone";
			};
			name = Release;
		};
		9546AFDA23BBCC2400E75315 /* Debug */ = {
			isa = XCBuildConfiguration;
			buildSettings = {
				ALWAYS_EMBED_SWIFT_STANDARD_LIBRARIES = YES;
				CODE_SIGN_STYLE = Automatic;
				DEVELOPMENT_TEAM = 3K6Q4C6RYZ;
				INFOPLIST_FILE = "Get off your phoneUITests/Info.plist";
				LD_RUNPATH_SEARCH_PATHS = (
					"$(inherited)",
					"@executable_path/Frameworks",
					"@loader_path/Frameworks",
				);
				PRODUCT_BUNDLE_IDENTIFIER = "Ari-Wasch.Get-off-your-phoneUITests";
				PRODUCT_NAME = "$(TARGET_NAME)";
				SWIFT_VERSION = 5.0;
				TARGETED_DEVICE_FAMILY = "1,2";
				TEST_TARGET_NAME = "Get off your phone";
			};
			name = Debug;
		};
		9546AFDB23BBCC2400E75315 /* Release */ = {
			isa = XCBuildConfiguration;
			buildSettings = {
				ALWAYS_EMBED_SWIFT_STANDARD_LIBRARIES = YES;
				CODE_SIGN_STYLE = Automatic;
				DEVELOPMENT_TEAM = 3K6Q4C6RYZ;
				INFOPLIST_FILE = "Get off your phoneUITests/Info.plist";
				LD_RUNPATH_SEARCH_PATHS = (
					"$(inherited)",
					"@executable_path/Frameworks",
					"@loader_path/Frameworks",
				);
				PRODUCT_BUNDLE_IDENTIFIER = "Ari-Wasch.Get-off-your-phoneUITests";
				PRODUCT_NAME = "$(TARGET_NAME)";
				SWIFT_VERSION = 5.0;
				TARGETED_DEVICE_FAMILY = "1,2";
				TEST_TARGET_NAME = "Get off your phone";
			};
			name = Release;
		};
/* End XCBuildConfiguration section */

/* Begin XCConfigurationList section */
		9546AFA123BBCC1A00E75315 /* Build configuration list for PBXProject "Get off your phone" */ = {
			isa = XCConfigurationList;
			buildConfigurations = (
				9546AFD123BBCC2100E75315 /* Debug */,
				9546AFD223BBCC2400E75315 /* Release */,
			);
			defaultConfigurationIsVisible = 0;
			defaultConfigurationName = Release;
		};
		9546AFD323BBCC2400E75315 /* Build configuration list for PBXNativeTarget "Get off your phone" */ = {
			isa = XCConfigurationList;
			buildConfigurations = (
				9546AFD423BBCC2400E75315 /* Debug */,
				9546AFD523BBCC2400E75315 /* Release */,
			);
			defaultConfigurationIsVisible = 0;
			defaultConfigurationName = Release;
		};
		9546AFD623BBCC2400E75315 /* Build configuration list for PBXNativeTarget "Get off your phoneTests" */ = {
			isa = XCConfigurationList;
			buildConfigurations = (
				9546AFD723BBCC2400E75315 /* Debug */,
				9546AFD823BBCC2400E75315 /* Release */,
			);
			defaultConfigurationIsVisible = 0;
			defaultConfigurationName = Release;
		};
		9546AFD923BBCC2400E75315 /* Build configuration list for PBXNativeTarget "Get off your phoneUITests" */ = {
			isa = XCConfigurationList;
			buildConfigurations = (
				9546AFDA23BBCC2400E75315 /* Debug */,
				9546AFDB23BBCC2400E75315 /* Release */,
			);
			defaultConfigurationIsVisible = 0;
			defaultConfigurationName = Release;
		};
/* End XCConfigurationList section */

/* Begin XCVersionGroup section */
		9546AFB223BBCC1A00E75315 /* Get_off_your_phone.xcdatamodeld */ = {
			isa = XCVersionGroup;
			children = (
				9546AFB323BBCC1A00E75315 /* Get_off_your_phone.xcdatamodel */,
			);
			currentVersion = 9546AFB323BBCC1A00E75315 /* Get_off_your_phone.xcdatamodel */;
			path = Get_off_your_phone.xcdatamodeld;
			sourceTree = "<group>";
			versionGroupType = wrapper.xcdatamodel;
		};
/* End XCVersionGroup section */
	};
	rootObject = 9546AF9E23BBCC1A00E75315 /* Project object */;
}
